
Microsoft Visual Studio Solution File, Format Version 12.00
# Visual Studio Version 17
VisualStudioVersion = 17.2.32630.192
MinimumVisualStudioVersion = 10.0.40219.1
Project("{FAE04EC0-301F-11D3-BF4B-00C04F79EFBC}") = "MoegirlSpider", "MoegirlSpider\MoegirlSpider.csproj", "{C5D954E2-47D9-4B9D-A11C-DD0D4BCCF9B0}"
EndProject
Global
	GlobalSection(SolutionConfigurationPlatforms) = preSolution
		Debug|Any CPU = Debug|Any CPU
		Release|Any CPU = Release|Any CPU
	EndGlobalSection
	GlobalSection(ProjectConfigurationPlatforms) = postSolution
		{C5D954E2-47D9-4B9D-A11C-DD0D4BCCF9B0}.Debug|Any CPU.ActiveCfg = Debug|Any CPU
		{C5D954E2-47D9-4B9D-A11C-DD0D4BCCF9B0}.Debug|Any CPU.Build.0 = Debug|Any CPU
		{C5D954E2-47D9-4B9D-A11C-DD0D4BCCF9B0}.Release|Any CPU.ActiveCfg = Release|Any CPU
		{C5D954E2-47D9-4B9D-A11C-DD0D4BCCF9B0}.Release|Any CPU.Build.0 = Release|Any CPU
	EndGlobalSection
	GlobalSection(SolutionProperties) = preSolution
		HideSolutionNode = FALSE
	EndGlobalSection
	GlobalSection(ExtensibilityGlobals) = postSolution
		SolutionGuid = {4ED37466-51C9-4209-84CD-0CC1BCC5AD9F}
	EndGlobalSection
EndGlobal
